
Microsoft Visual Studio Solution File, Format Version 12.00
# Visual Studio 15
VisualStudioVersion = 15.0.28010.2026
MinimumVisualStudioVersion = 10.0.40219.1
Project("{FAE04EC0-301F-11D3-BF4B-00C04F79EFBC}") = "Fazzer", "Fazzer\Fazzer.csproj", "{052F995E-AC5C-4E4A-9DAC-2325D0E4D5CD}"
EndProject
Global
	GlobalSection(SolutionConfigurationPlatforms) = preSolution
		Debug|Any CPU = Debug|Any CPU
		Release|Any CPU = Release|Any CPU
	EndGlobalSection
	GlobalSection(ProjectConfigurationPlatforms) = postSolution
		{052F995E-AC5C-4E4A-9DAC-2325D0E4D5CD}.Debug|Any CPU.ActiveCfg = Debug|Any CPU
		{052F995E-AC5C-4E4A-9DAC-2325D0E4D5CD}.Debug|Any CPU.Build.0 = Debug|Any CPU
		{052F995E-AC5C-4E4A-9DAC-2325D0E4D5CD}.Release|Any CPU.ActiveCfg = Release|Any CPU
		{052F995E-AC5C-4E4A-9DAC-2325D0E4D5CD}.Release|Any CPU.Build.0 = Release|Any CPU
	EndGlobalSection
	GlobalSection(SolutionProperties) = preSolution
		HideSolutionNode = FALSE
	EndGlobalSection
	GlobalSection(ExtensibilityGlobals) = postSolution
		SolutionGuid = {31542E85-0029-4A53-A5BA-121FB8360AB9}
	EndGlobalSection
EndGlobal
